
Microsoft Visual Studio Solution File, Format Version 12.00
# Visual Studio Version 16
VisualStudioVersion = 16.0.31321.278
MinimumVisualStudioVersion = 10.0.40219.1
Project("{FAE04EC0-301F-11D3-BF4B-00C04F79EFBC}") = "EnginDemiroğDerslerii", "EnginDemiroğDerslerii\EnginDemiroğDerslerii.csproj", "{307CE4A5-B959-42E6-B8E7-B70D04799146}"
EndProject
Project("{FAE04EC0-301F-11D3-BF4B-00C04F79EFBC}") = "Donguler", "Donguler\Donguler.csproj", "{2910069B-5206-4B24-B1FB-2C41DD7247AD}"
EndProject
Project("{FAE04EC0-301F-11D3-BF4B-00C04F79EFBC}") = "Classlar", "Classlar\Classlar.csproj", "{969AFBEA-19A9-49F2-8865-276B634D42A0}"
EndProject
Project("{FAE04EC0-301F-11D3-BF4B-00C04F79EFBC}") = "Metodlar", "Metodlar\Metodlar.csproj", "{96608843-EEE3-4DA0-953C-A53023A3EF2D}"
EndProject
Project("{FAE04EC0-301F-11D3-BF4B-00C04F79EFBC}") = "DegerVeReferansTipler", "DegerVeReferansTipler\DegerVeReferansTipler.csproj", "{D9F0E9A0-9F3E-42D4-98C5-C6698E0235FF}"
EndProject
Global
	GlobalSection(SolutionConfigurationPlatforms) = preSolution
		Debug|Any CPU = Debug|Any CPU
		Release|Any CPU = Release|Any CPU
	EndGlobalSection
	GlobalSection(ProjectConfigurationPlatforms) = postSolution
		{307CE4A5-B959-42E6-B8E7-B70D04799146}.Debug|Any CPU.ActiveCfg = Debug|Any CPU
		{307CE4A5-B959-42E6-B8E7-B70D04799146}.Debug|Any CPU.Build.0 = Debug|Any CPU
		{307CE4A5-B959-42E6-B8E7-B70D04799146}.Release|Any CPU.ActiveCfg = Release|Any CPU
		{307CE4A5-B959-42E6-B8E7-B70D04799146}.Release|Any CPU.Build.0 = Release|Any CPU
		{2910069B-5206-4B24-B1FB-2C41DD7247AD}.Debug|Any CPU.ActiveCfg = Debug|Any CPU
		{2910069B-5206-4B24-B1FB-2C41DD7247AD}.Debug|Any CPU.Build.0 = Debug|Any CPU
		{2910069B-5206-4B24-B1FB-2C41DD7247AD}.Release|Any CPU.ActiveCfg = Release|Any CPU
		{2910069B-5206-4B24-B1FB-2C41DD7247AD}.Release|Any CPU.Build.0 = Release|Any CPU
		{969AFBEA-19A9-49F2-8865-276B634D42A0}.Debug|Any CPU.ActiveCfg = Debug|Any CPU
		{969AFBEA-19A9-49F2-8865-276B634D42A0}.Debug|Any CPU.Build.0 = Debug|Any CPU
		{969AFBEA-19A9-49F2-8865-276B634D42A0}.Release|Any CPU.ActiveCfg = Release|Any CPU
		{969AFBEA-19A9-49F2-8865-276B634D42A0}.Release|Any CPU.Build.0 = Release|Any CPU
		{96608843-EEE3-4DA0-953C-A53023A3EF2D}.Debug|Any CPU.ActiveCfg = Debug|Any CPU
		{96608843-EEE3-4DA0-953C-A53023A3EF2D}.Debug|Any CPU.Build.0 = Debug|Any CPU
		{96608843-EEE3-4DA0-953C-A53023A3EF2D}.Release|Any CPU.ActiveCfg = Release|Any CPU
		{96608843-EEE3-4DA0-953C-A53023A3EF2D}.Release|Any CPU.Build.0 = Release|Any CPU
		{D9F0E9A0-9F3E-42D4-98C5-C6698E0235FF}.Debug|Any CPU.ActiveCfg = Debug|Any CPU
		{D9F0E9A0-9F3E-42D4-98C5-C6698E0235FF}.Debug|Any CPU.Build.0 = Debug|Any CPU
		{D9F0E9A0-9F3E-42D4-98C5-C6698E0235FF}.Release|Any CPU.ActiveCfg = Release|Any CPU
		{D9F0E9A0-9F3E-42D4-98C5-C6698E0235FF}.Release|Any CPU.Build.0 = Release|Any CPU
	EndGlobalSection
	GlobalSection(SolutionProperties) = preSolution
		HideSolutionNode = FALSE
	EndGlobalSection
	GlobalSection(ExtensibilityGlobals) = postSolution
		SolutionGuid = {4536E1FB-6171-4A51-8121-2527599CF667}
	EndGlobalSection
EndGlobal
